// !$*UTF8*$!
{
	archiveVersion = 1;
	classes = {
	};
	objectVersion = 77;
	objects = {

/* Begin PBXBuildFile section */
		9B8BB5C92E798E8E00813E5E /* File.swift in Sources */ = {isa = PBXBuildFile; fileRef = 9B8BB5C02E798E8E00813E5E /* File.swift */; };
		9B8BB5CA2E798E8E00813E5E /* FileDownloaderApp.swift in Sources */ = {isa = PBXBuildFile; fileRef = 9B8BB5C12E798E8E00813E5E /* FileDownloaderApp.swift */; };
		9B8BB5CB2E798E8E00813E5E /* FileListView.swift in Sources */ = {isa = PBXBuildFile; fileRef = 9B8BB5C22E798E8E00813E5E /* FileListView.swift */; };
		9B8BB5CC2E798E8E00813E5E /* FileListViewModel.swift in Sources */ = {isa = PBXBuildFile; fileRef = 9B8BB5C32E798E8E00813E5E /* FileListViewModel.swift */; };
		9B8BB5CD2E798E8E00813E5E /* FileType.swift in Sources */ = {isa = PBXBuildFile; fileRef = 9B8BB5C42E798E8E00813E5E /* FileType.swift */; };
		9B8BB5CE2E798E8E00813E5E /* ProgressBarView.swift in Sources */ = {isa = PBXBuildFile; fileRef = 9B8BB5C62E798E8E00813E5E /* ProgressBarView.swift */; };
		9B8BB5CF2E798E8E00813E5E /* ProgressView.swift in Sources */ = {isa = PBXBuildFile; fileRef = 9B8BB5C72E798E8E00813E5E /* ProgressView.swift */; };
		9B8BB5D02E798E8E00813E5E /* Assets.xcassets in Resources */ = {isa = PBXBuildFile; fileRef = 9B8BB5BF2E798E8E00813E5E /* Assets.xcassets */; };
		9BFDE5812E818927006B842D /* FileDownloadManager in Frameworks */ = {isa = PBXBuildFile; productRef = 9BFDE5802E818927006B842D /* FileDownloadManager */; };
/* End PBXBuildFile section */

/* Begin PBXFileReference section */
		9B8BB5BF2E798E8E00813E5E /* Assets.xcassets */ = {isa = PBXFileReference; lastKnownFileType = folder.assetcatalog; path = Assets.xcassets; sourceTree = "<group>"; };
		9B8BB5C02E798E8E00813E5E /* File.swift */ = {isa = PBXFileReference; lastKnownFileType = sourcecode.swift; path = File.swift; sourceTree = "<group>"; };
		9B8BB5C12E798E8E00813E5E /* FileDownloaderApp.swift */ = {isa = PBXFileReference; lastKnownFileType = sourcecode.swift; path = FileDownloaderApp.swift; sourceTree = "<group>"; };
		9B8BB5C22E798E8E00813E5E /* FileListView.swift */ = {isa = PBXFileReference; lastKnownFileType = sourcecode.swift; path = FileListView.swift; sourceTree = "<group>"; };
		9B8BB5C32E798E8E00813E5E /* FileListViewModel.swift */ = {isa = PBXFileReference; lastKnownFileType = sourcecode.swift; path = FileListViewModel.swift; sourceTree = "<group>"; };
		9B8BB5C42E798E8E00813E5E /* FileType.swift */ = {isa = PBXFileReference; lastKnownFileType = sourcecode.swift; path = FileType.swift; sourceTree = "<group>"; };
		9B8BB5C52E798E8E00813E5E /* Info.plist */ = {isa = PBXFileReference; lastKnownFileType = text.plist.xml; path = Info.plist; sourceTree = "<group>"; };
		9B8BB5C62E798E8E00813E5E /* ProgressBarView.swift */ = {isa = PBXFileReference; lastKnownFileType = sourcecode.swift; path = ProgressBarView.swift; sourceTree = "<group>"; };
		9B8BB5C72E798E8E00813E5E /* ProgressView.swift */ = {isa = PBXFileReference; lastKnownFileType = sourcecode.swift; path = ProgressView.swift; sourceTree = "<group>"; };
		9BA3CE322E755E9100546C4A /* FileDownloader.app */ = {isa = PBXFileReference; explicitFileType = wrapper.application; includeInIndex = 0; path = FileDownloader.app; sourceTree = BUILT_PRODUCTS_DIR; };
/* End PBXFileReference section */

/* Begin PBXFrameworksBuildPhase section */
		9BA3CE2F2E755E9100546C4A /* Frameworks */ = {
			isa = PBXFrameworksBuildPhase;
			buildActionMask = 2147483647;
			files = (
				9BFDE5812E818927006B842D /* FileDownloadManager in Frameworks */,
			);
			runOnlyForDeploymentPostprocessing = 0;
		};
/* End PBXFrameworksBuildPhase section */

/* Begin PBXGroup section */
		9B8BB5BE2E798E8E00813E5E /* View */ = {
			isa = PBXGroup;
			children = (
				9B8BB5C72E798E8E00813E5E /* ProgressView.swift */,
				9B8BB5C22E798E8E00813E5E /* FileListView.swift */,
				9B8BB5C62E798E8E00813E5E /* ProgressBarView.swift */,
			);
			path = View;
			sourceTree = "<group>";
		};
		9B8BB5C82E798E8E00813E5E /* FileDownloader */ = {
			isa = PBXGroup;
			children = (
				9B8BB5D42E798EB000813E5E /* ViewModel */,
				9B8BB5D32E798EA200813E5E /* Model */,
				9B8BB5BE2E798E8E00813E5E /* View */,
				9B8BB5BF2E798E8E00813E5E /* Assets.xcassets */,
				9B8BB5C12E798E8E00813E5E /* FileDownloaderApp.swift */,
				9B8BB5C52E798E8E00813E5E /* Info.plist */,
			);
			path = FileDownloader;
			sourceTree = "<group>";
		};
		9B8BB5D32E798EA200813E5E /* Model */ = {
			isa = PBXGroup;
			children = (
				9B8BB5C02E798E8E00813E5E /* File.swift */,
				9B8BB5C42E798E8E00813E5E /* FileType.swift */,
			);
			path = Model;
			sourceTree = "<group>";
		};
		9B8BB5D42E798EB000813E5E /* ViewModel */ = {
			isa = PBXGroup;
			children = (
				9B8BB5C32E798E8E00813E5E /* FileListViewModel.swift */,
			);
			path = ViewModel;
			sourceTree = "<group>";
		};
		9BA3CE292E755E9100546C4A = {
			isa = PBXGroup;
			children = (
				9B8BB5C82E798E8E00813E5E /* FileDownloader */,
				9BA3CE332E755E9100546C4A /* Products */,
			);
			sourceTree = "<group>";
		};
		9BA3CE332E755E9100546C4A /* Products */ = {
			isa = PBXGroup;
			children = (
				9BA3CE322E755E9100546C4A /* FileDownloader.app */,
			);
			name = Products;
			sourceTree = "<group>";
		};
/* End PBXGroup section */

/* Begin PBXNativeTarget section */
		9BA3CE312E755E9100546C4A /* FileDownloader */ = {
			isa = PBXNativeTarget;
			buildConfigurationList = 9BA3CE3D2E755E9200546C4A /* Build configuration list for PBXNativeTarget "FileDownloader" */;
			buildPhases = (
				9BA3CE2E2E755E9100546C4A /* Sources */,
				9BA3CE2F2E755E9100546C4A /* Frameworks */,
				9BA3CE302E755E9100546C4A /* Resources */,
			);
			buildRules = (
			);
			dependencies = (
			);
			name = FileDownloader;
			packageProductDependencies = (
				9BFDE5802E818927006B842D /* FileDownloadManager */,
			);
			productName = FileDownloader;
			productReference = 9BA3CE322E755E9100546C4A /* FileDownloader.app */;
			productType = "com.apple.product-type.application";
		};
/* End PBXNativeTarget section */

/* Begin PBXProject section */
		9BA3CE2A2E755E9100546C4A /* Project object */ = {
			isa = PBXProject;
			attributes = {
				BuildIndependentTargetsInParallel = 1;
				LastSwiftUpdateCheck = 1630;
				LastUpgradeCheck = 1630;
				TargetAttributes = {
					9BA3CE312E755E9100546C4A = {
						CreatedOnToolsVersion = 16.3;
					};
				};
			};
			buildConfigurationList = 9BA3CE2D2E755E9100546C4A /* Build configuration list for PBXProject "FileDownloader" */;
			developmentRegion = en;
			hasScannedForEncodings = 0;
			knownRegions = (
				en,
				Base,
			);
			mainGroup = 9BA3CE292E755E9100546C4A;
			minimizedProjectReferenceProxies = 1;
			packageReferences = (
				9BFDE57F2E818927006B842D /* XCRemoteSwiftPackageReference "FileDownloaderSPM" */,
			);
			preferredProjectObjectVersion = 77;
			productRefGroup = 9BA3CE332E755E9100546C4A /* Products */;
			projectDirPath = "";
			projectRoot = "";
			targets = (
				9BA3CE312E755E9100546C4A /* FileDownloader */,
			);
		};
/* End PBXProject section */

/* Begin PBXResourcesBuildPhase section */
		9BA3CE302E755E9100546C4A /* Resources */ = {
			isa = PBXResourcesBuildPhase;
			buildActionMask = 2147483647;
			files = (
				9B8BB5D02E798E8E00813E5E /* Assets.xcassets in Resources */,
			);
			runOnlyForDeploymentPostprocessing = 0;
		};
/* End PBXResourcesBuildPhase section */

/* Begin PBXSourcesBuildPhase section */
		9BA3CE2E2E755E9100546C4A /* Sources */ = {
			isa = PBXSourcesBuildPhase;
			buildActionMask = 2147483647;
			files = (
				9B8BB5C92E798E8E00813E5E /* File.swift in Sources */,
				9B8BB5CA2E798E8E00813E5E /* FileDownloaderApp.swift in Sources */,
				9B8BB5CB2E798E8E00813E5E /* FileListView.swift in Sources */,
				9B8BB5CC2E798E8E00813E5E /* FileListViewModel.swift in Sources */,
				9B8BB5CD2E798E8E00813E5E /* FileType.swift in Sources */,
				9B8BB5CE2E798E8E00813E5E /* ProgressBarView.swift in Sources */,
				9B8BB5CF2E798E8E00813E5E /* ProgressView.swift in Sources */,
			);
			runOnlyForDeploymentPostprocessing = 0;
		};
/* End PBXSourcesBuildPhase section */

/* Begin XCBuildConfiguration section */
		9BA3CE3B2E755E9200546C4A /* Debug */ = {
			isa = XCBuildConfiguration;
			buildSettings = {
				ALWAYS_SEARCH_USER_PATHS = NO;
				ASSETCATALOG_COMPILER_GENERATE_SWIFT_ASSET_SYMBOL_EXTENSIONS = YES;
				CLANG_ANALYZER_NONNULL = YES;
				CLANG_ANALYZER_NUMBER_OBJECT_CONVERSION = YES_AGGRESSIVE;
				CLANG_CXX_LANGUAGE_STANDARD = "gnu++20";
				CLANG_ENABLE_MODULES = YES;
				CLANG_ENABLE_OBJC_ARC = YES;
				CLANG_ENABLE_OBJC_WEAK = YES;
				CLANG_WARN_BLOCK_CAPTURE_AUTORELEASING = YES;
				CLANG_WARN_BOOL_CONVERSION = YES;
				CLANG_WARN_COMMA = YES;
				CLANG_WARN_CONSTANT_CONVERSION = YES;
				CLANG_WARN_DEPRECATED_OBJC_IMPLEMENTATIONS = YES;
				CLANG_WARN_DIRECT_OBJC_ISA_USAGE = YES_ERROR;
				CLANG_WARN_DOCUMENTATION_COMMENTS = YES;
				CLANG_WARN_EMPTY_BODY = YES;
				CLANG_WARN_ENUM_CONVERSION = YES;
				CLANG_WARN_INFINITE_RECURSION = YES;
				CLANG_WARN_INT_CONVERSION = YES;
				CLANG_WARN_NON_LITERAL_NULL_CONVERSION = YES;
				CLANG_WARN_OBJC_IMPLICIT_RETAIN_SELF = YES;
				CLANG_WARN_OBJC_LITERAL_CONVERSION = YES;
				CLANG_WARN_OBJC_ROOT_CLASS = YES_ERROR;
				CLANG_WARN_QUOTED_INCLUDE_IN_FRAMEWORK_HEADER = YES;
				CLANG_WARN_RANGE_LOOP_ANALYSIS = YES;
				CLANG_WARN_STRICT_PROTOTYPES = YES;
				CLANG_WARN_SUSPICIOUS_MOVE = YES;
				CLANG_WARN_UNGUARDED_AVAILABILITY = YES_AGGRESSIVE;
				CLANG_WARN_UNREACHABLE_CODE = YES;
				CLANG_WARN__DUPLICATE_METHOD_MATCH = YES;
				COPY_PHASE_STRIP = NO;
				DEBUG_INFORMATION_FORMAT = dwarf;
				DEVELOPMENT_TEAM = S755CX4QX2;
				ENABLE_STRICT_OBJC_MSGSEND = YES;
				ENABLE_TESTABILITY = YES;
				ENABLE_USER_SCRIPT_SANDBOXING = YES;
				GCC_C_LANGUAGE_STANDARD = gnu17;
				GCC_DYNAMIC_NO_PIC = NO;
				GCC_NO_COMMON_BLOCKS = YES;
				GCC_OPTIMIZATION_LEVEL = 0;
				GCC_PREPROCESSOR_DEFINITIONS = (
					"DEBUG=1",
					"$(inherited)",
				);
				GCC_WARN_64_TO_32_BIT_CONVERSION = YES;
				GCC_WARN_ABOUT_RETURN_TYPE = YES_ERROR;
				GCC_WARN_UNDECLARED_SELECTOR = YES;
				GCC_WARN_UNINITIALIZED_AUTOS = YES_AGGRESSIVE;
				GCC_WARN_UNUSED_FUNCTION = YES;
				GCC_WARN_UNUSED_VARIABLE = YES;
				IPHONEOS_DEPLOYMENT_TARGET = 18.4;
				LOCALIZATION_PREFERS_STRING_CATALOGS = YES;
				MTL_ENABLE_DEBUG_INFO = INCLUDE_SOURCE;
				MTL_FAST_MATH = YES;
				ONLY_ACTIVE_ARCH = YES;
				SDKROOT = iphoneos;
				SWIFT_ACTIVE_COMPILATION_CONDITIONS = "DEBUG $(inherited)";
				SWIFT_OPTIMIZATION_LEVEL = "-Onone";
			};
			name = Debug;
		};
		9BA3CE3C2E755E9200546C4A /* Release */ = {
			isa = XCBuildConfiguration;
			buildSettings = {
				ALWAYS_SEARCH_USER_PATHS = NO;
				ASSETCATALOG_COMPILER_GENERATE_SWIFT_ASSET_SYMBOL_EXTENSIONS = YES;
				CLANG_ANALYZER_NONNULL = YES;
				CLANG_ANALYZER_NUMBER_OBJECT_CONVERSION = YES_AGGRESSIVE;
				CLANG_CXX_LANGUAGE_STANDARD = "gnu++20";
				CLANG_ENABLE_MODULES = YES;
				CLANG_ENABLE_OBJC_ARC = YES;
				CLANG_ENABLE_OBJC_WEAK = YES;
				CLANG_WARN_BLOCK_CAPTURE_AUTORELEASING = YES;
				CLANG_WARN_BOOL_CONVERSION = YES;
				CLANG_WARN_COMMA = YES;
				CLANG_WARN_CONSTANT_CONVERSION = YES;
				CLANG_WARN_DEPRECATED_OBJC_IMPLEMENTATIONS = YES;
				CLANG_WARN_DIRECT_OBJC_ISA_USAGE = YES_ERROR;
				CLANG_WARN_DOCUMENTATION_COMMENTS = YES;
				CLANG_WARN_EMPTY_BODY = YES;
				CLANG_WARN_ENUM_CONVERSION = YES;
				CLANG_WARN_INFINITE_RECURSION = YES;
				CLANG_WARN_INT_CONVERSION = YES;
				CLANG_WARN_NON_LITERAL_NULL_CONVERSION = YES;
				CLANG_WARN_OBJC_IMPLICIT_RETAIN_SELF = YES;
				CLANG_WARN_OBJC_LITERAL_CONVERSION = YES;
				CLANG_WARN_OBJC_ROOT_CLASS = YES_ERROR;
				CLANG_WARN_QUOTED_INCLUDE_IN_FRAMEWORK_HEADER = YES;
				CLANG_WARN_RANGE_LOOP_ANALYSIS = YES;
				CLANG_WARN_STRICT_PROTOTYPES = YES;
				CLANG_WARN_SUSPICIOUS_MOVE = YES;
				CLANG_WARN_UNGUARDED_AVAILABILITY = YES_AGGRESSIVE;
				CLANG_WARN_UNREACHABLE_CODE = YES;
				CLANG_WARN__DUPLICATE_METHOD_MATCH = YES;
				COPY_PHASE_STRIP = NO;
				DEBUG_INFORMATION_FORMAT = "dwarf-with-dsym";
				DEVELOPMENT_TEAM = S755CX4QX2;
				ENABLE_NS_ASSERTIONS = NO;
				ENABLE_STRICT_OBJC_MSGSEND = YES;
				ENABLE_USER_SCRIPT_SANDBOXING = YES;
				GCC_C_LANGUAGE_STANDARD = gnu17;
				GCC_NO_COMMON_BLOCKS = YES;
				GCC_WARN_64_TO_32_BIT_CONVERSION = YES;
				GCC_WARN_ABOUT_RETURN_TYPE = YES_ERROR;
				GCC_WARN_UNDECLARED_SELECTOR = YES;
				GCC_WARN_UNINITIALIZED_AUTOS = YES_AGGRESSIVE;
				GCC_WARN_UNUSED_FUNCTION = YES;
				GCC_WARN_UNUSED_VARIABLE = YES;
				IPHONEOS_DEPLOYMENT_TARGET = 18.4;
				LOCALIZATION_PREFERS_STRING_CATALOGS = YES;
				MTL_ENABLE_DEBUG_INFO = NO;
				MTL_FAST_MATH = YES;
				SDKROOT = iphoneos;
				SWIFT_COMPILATION_MODE = wholemodule;
				VALIDATE_PRODUCT = YES;
			};
			name = Release;
		};
		9BA3CE3E2E755E9200546C4A /* Debug */ = {
			isa = XCBuildConfiguration;
			buildSettings = {
				ASSETCATALOG_COMPILER_APPICON_NAME = AppIcon;
				ASSETCATALOG_COMPILER_GLOBAL_ACCENT_COLOR_NAME = AccentColor;
				CODE_SIGN_STYLE = Automatic;
				CURRENT_PROJECT_VERSION = 1;
				DEVELOPMENT_TEAM = S755CX4QX2;
				ENABLE_PREVIEWS = YES;
				GENERATE_INFOPLIST_FILE = YES;
				INFOPLIST_FILE = FileDownloader/Info.plist;
				INFOPLIST_KEY_LSSupportsOpeningDocumentsInPlace = YES;
				INFOPLIST_KEY_UIApplicationSceneManifest_Generation = YES;
				INFOPLIST_KEY_UIApplicationSupportsIndirectInputEvents = YES;
				INFOPLIST_KEY_UILaunchScreen_Generation = YES;
				INFOPLIST_KEY_UISupportedInterfaceOrientations_iPad = "UIInterfaceOrientationPortrait UIInterfaceOrientationPortraitUpsideDown UIInterfaceOrientationLandscapeLeft UIInterfaceOrientationLandscapeRight";
				INFOPLIST_KEY_UISupportedInterfaceOrientations_iPhone = "UIInterfaceOrientationPortrait UIInterfaceOrientationLandscapeLeft UIInterfaceOrientationLandscapeRight";
				LD_RUNPATH_SEARCH_PATHS = (
					"$(inherited)",
					"@executable_path/Frameworks",
				);
				MARKETING_VERSION = 1.0;
				PRODUCT_BUNDLE_IDENTIFIER = com.gd.FileDownloader;
				PRODUCT_NAME = "$(TARGET_NAME)";
				SWIFT_EMIT_LOC_STRINGS = YES;
				SWIFT_VERSION = 5.0;
				TARGETED_DEVICE_FAMILY = "1,2";
			};
			name = Debug;
		};
		9BA3CE3F2E755E9200546C4A /* Release */ = {
			isa = XCBuildConfiguration;
			buildSettings = {
				ASSETCATALOG_COMPILER_APPICON_NAME = AppIcon;
				ASSETCATALOG_COMPILER_GLOBAL_ACCENT_COLOR_NAME = AccentColor;
				CODE_SIGN_STYLE = Automatic;
				CURRENT_PROJECT_VERSION = 1;
				DEVELOPMENT_TEAM = S755CX4QX2;
				ENABLE_PREVIEWS = YES;
				GENERATE_INFOPLIST_FILE = YES;
				INFOPLIST_FILE = FileDownloader/Info.plist;
				INFOPLIST_KEY_LSSupportsOpeningDocumentsInPlace = YES;
				INFOPLIST_KEY_UIApplicationSceneManifest_Generation = YES;
				INFOPLIST_KEY_UIApplicationSupportsIndirectInputEvents = YES;
				INFOPLIST_KEY_UILaunchScreen_Generation = YES;
				INFOPLIST_KEY_UISupportedInterfaceOrientations_iPad = "UIInterfaceOrientationPortrait UIInterfaceOrientationPortraitUpsideDown UIInterfaceOrientationLandscapeLeft UIInterfaceOrientationLandscapeRight";
				INFOPLIST_KEY_UISupportedInterfaceOrientations_iPhone = "UIInterfaceOrientationPortrait UIInterfaceOrientationLandscapeLeft UIInterfaceOrientationLandscapeRight";
				LD_RUNPATH_SEARCH_PATHS = (
					"$(inherited)",
					"@executable_path/Frameworks",
				);
				MARKETING_VERSION = 1.0;
				PRODUCT_BUNDLE_IDENTIFIER = com.gd.FileDownloader;
				PRODUCT_NAME = "$(TARGET_NAME)";
				SWIFT_EMIT_LOC_STRINGS = YES;
				SWIFT_VERSION = 5.0;
				TARGETED_DEVICE_FAMILY = "1,2";
			};
			name = Release;
		};
/* End XCBuildConfiguration section */

/* Begin XCConfigurationList section */
		9BA3CE2D2E755E9100546C4A /* Build configuration list for PBXProject "FileDownloader" */ = {
			isa = XCConfigurationList;
			buildConfigurations = (
				9BA3CE3B2E755E9200546C4A /* Debug */,
				9BA3CE3C2E755E9200546C4A /* Release */,
			);
			defaultConfigurationIsVisible = 0;
			defaultConfigurationName = Release;
		};
		9BA3CE3D2E755E9200546C4A /* Build configuration list for PBXNativeTarget "FileDownloader" */ = {
			isa = XCConfigurationList;
			buildConfigurations = (
				9BA3CE3E2E755E9200546C4A /* Debug */,
				9BA3CE3F2E755E9200546C4A /* Release */,
			);
			defaultConfigurationIsVisible = 0;
			defaultConfigurationName = Release;
		};
/* End XCConfigurationList section */

/* Begin XCRemoteSwiftPackageReference section */
		9BFDE57F2E818927006B842D /* XCRemoteSwiftPackageReference "FileDownloaderSPM" */ = {
			isa = XCRemoteSwiftPackageReference;
			repositoryURL = "https://github.com/Gopabandhu17/FileDownloaderSPM.git";
			requirement = {
				branch = TaskManagement;
				kind = branch;
			};
		};
/* End XCRemoteSwiftPackageReference section */

/* Begin XCSwiftPackageProductDependency section */
		9BFDE5802E818927006B842D /* FileDownloadManager */ = {
			isa = XCSwiftPackageProductDependency;
			package = 9BFDE57F2E818927006B842D /* XCRemoteSwiftPackageReference "FileDownloaderSPM" */;
			productName = FileDownloadManager;
		};
/* End XCSwiftPackageProductDependency section */
	};
	rootObject = 9BA3CE2A2E755E9100546C4A /* Project object */;
}
